# This file is @generated by PDM.
# It is not intended for manual editing.

[metadata]
groups = ["default"]
strategy = ["inherit_metadata"]
lock_version = "4.5.0"
content_hash = "sha256:1513e4e0b0497b9592765aeb254a1b1f832f7a73709d92dcfcd396eb8880a270"

[[metadata.targets]]
requires_python = ">=3.8"

[[package]]
name = "argcomplete"
version = "3.5.0"
requires_python = ">=3.8"
summary = "Bash tab completion for argparse"
groups = ["default"]
files = [
    {file = "argcomplete-3.5.0-py3-none-any.whl", hash = "sha256:d4bcf3ff544f51e16e54228a7ac7f486ed70ebf2ecfe49a63a91171c76bf029b"},
    {file = "argcomplete-3.5.0.tar.gz", hash = "sha256:4349400469dccfb7950bb60334a680c58d88699bff6159df61251878dc6bf74b"},
]
